
Microsoft Visual Studio Solution File, Format Version 12.00
# Visual Studio Version 16
VisualStudioVersion = 16.0.29613.14
MinimumVisualStudioVersion = 10.0.40219.1
Project("{FAE04EC0-301F-11D3-BF4B-00C04F79EFBC}") = "NThingsTelegramBot", "NThingsTelegramBot\NThingsTelegramBot.csproj", "{9558C064-012A-4878-83A9-72BFE3D66208}"
EndProject
Global
	GlobalSection(SolutionConfigurationPlatforms) = preSolution
		Debug|Any CPU = Debug|Any CPU
		Release|Any CPU = Release|Any CPU
	EndGlobalSection
	GlobalSection(ProjectConfigurationPlatforms) = postSolution
		{9558C064-012A-4878-83A9-72BFE3D66208}.Debug|Any CPU.ActiveCfg = Debug|Any CPU
		{9558C064-012A-4878-83A9-72BFE3D66208}.Debug|Any CPU.Build.0 = Debug|Any CPU
		{9558C064-012A-4878-83A9-72BFE3D66208}.Release|Any CPU.ActiveCfg = Release|Any CPU
		{9558C064-012A-4878-83A9-72BFE3D66208}.Release|Any CPU.Build.0 = Release|Any CPU
	EndGlobalSection
	GlobalSection(SolutionProperties) = preSolution
		HideSolutionNode = FALSE
	EndGlobalSection
	GlobalSection(ExtensibilityGlobals) = postSolution
		SolutionGuid = {CE178976-437C-4BD8-B4E0-A59C1C7F24AA}
	EndGlobalSection
EndGlobal
